
Microsoft Visual Studio Solution File, Format Version 12.00
# Visual Studio Version 17
VisualStudioVersion = 17.2.32630.192
MinimumVisualStudioVersion = 10.0.40219.1
Project("{FAE04EC0-301F-11D3-BF4B-00C04F79EFBC}") = "AgendaApiLucianoSvaikaukas", "AgendaApiLucianoSvaikaukas\AgendaApiLucianoSvaikaukas.csproj", "{525B504F-E8F9-4139-9E9A-C984EB214073}"
EndProject
Global
	GlobalSection(SolutionConfigurationPlatforms) = preSolution
		Debug|Any CPU = Debug|Any CPU
		Release|Any CPU = Release|Any CPU
	EndGlobalSection
	GlobalSection(ProjectConfigurationPlatforms) = postSolution
		{525B504F-E8F9-4139-9E9A-C984EB214073}.Debug|Any CPU.ActiveCfg = Debug|Any CPU
		{525B504F-E8F9-4139-9E9A-C984EB214073}.Debug|Any CPU.Build.0 = Debug|Any CPU
		{525B504F-E8F9-4139-9E9A-C984EB214073}.Release|Any CPU.ActiveCfg = Release|Any CPU
		{525B504F-E8F9-4139-9E9A-C984EB214073}.Release|Any CPU.Build.0 = Release|Any CPU
	EndGlobalSection
	GlobalSection(SolutionProperties) = preSolution
		HideSolutionNode = FALSE
	EndGlobalSection
	GlobalSection(ExtensibilityGlobals) = postSolution
		SolutionGuid = {FD1C8EC1-D0F8-49E6-960D-FF1F1E7AC859}
	EndGlobalSection
EndGlobal
